// !$*UTF8*$!
{
	archiveVersion = 1;
	classes = {
	};
	objectVersion = 46;
	objects = {

/* Begin PBXBuildFile section */
		84836461199C9ACD000D29E4 /* Foundation.framework in Frameworks */ = {isa = PBXBuildFile; fileRef = 84836460199C9ACD000D29E4 /* Foundation.framework */; };
		84836463199C9ACD000D29E4 /* CoreGraphics.framework in Frameworks */ = {isa = PBXBuildFile; fileRef = 84836462199C9ACD000D29E4 /* CoreGraphics.framework */; };
		84836465199C9ACD000D29E4 /* UIKit.framework in Frameworks */ = {isa = PBXBuildFile; fileRef = 84836464199C9ACD000D29E4 /* UIKit.framework */; };
		8483646B199C9ACD000D29E4 /* InfoPlist.strings in Resources */ = {isa = PBXBuildFile; fileRef = 84836469199C9ACD000D29E4 /* InfoPlist.strings */; };
		8483646D199C9ACD000D29E4 /* main.m in Sources */ = {isa = PBXBuildFile; fileRef = 8483646C199C9ACD000D29E4 /* main.m */; };
		84836471199C9ACD000D29E4 /* AppDelegate.m in Sources */ = {isa = PBXBuildFile; fileRef = 84836470199C9ACD000D29E4 /* AppDelegate.m */; };
		84836473199C9ACD000D29E4 /* Images.xcassets in Resources */ = {isa = PBXBuildFile; fileRef = 84836472199C9ACD000D29E4 /* Images.xcassets */; };
		8483647A199C9ACD000D29E4 /* XCTest.framework in Frameworks */ = {isa = PBXBuildFile; fileRef = 84836479199C9ACD000D29E4 /* XCTest.framework */; };
		8483647B199C9ACD000D29E4 /* Foundation.framework in Frameworks */ = {isa = PBXBuildFile; fileRef = 84836460199C9ACD000D29E4 /* Foundation.framework */; };
		8483647C199C9ACD000D29E4 /* UIKit.framework in Frameworks */ = {isa = PBXBuildFile; fileRef = 84836464199C9ACD000D29E4 /* UIKit.framework */; };
		84836484199C9ACD000D29E4 /* InfoPlist.strings in Resources */ = {isa = PBXBuildFile; fileRef = 84836482199C9ACD000D29E4 /* InfoPlist.strings */; };
		84836486199C9ACD000D29E4 /* ___Tests.m in Sources */ = {isa = PBXBuildFile; fileRef = 84836485199C9ACD000D29E4 /* ___Tests.m */; };
		84836491199C9AEA000D29E4 /* ViewController.m in Sources */ = {isa = PBXBuildFile; fileRef = 84836490199C9AEA000D29E4 /* ViewController.m */; };
/* End PBXBuildFile section */

/* Begin PBXContainerItemProxy section */
		8483647D199C9ACD000D29E4 /* PBXContainerItemProxy */ = {
			isa = PBXContainerItemProxy;
			containerPortal = 84836455199C9ACD000D29E4 /* Project object */;
			proxyType = 1;
			remoteGlobalIDString = 8483645C199C9ACD000D29E4;
			remoteInfo = "多线程";
		};
/* End PBXContainerItemProxy section */

/* Begin PBXFileReference section */
		8483645D199C9ACD000D29E4 /* 多线程.app */ = {isa = PBXFileReference; explicitFileType = wrapper.application; includeInIndex = 0; path = "多线程.app"; sourceTree = BUILT_PRODUCTS_DIR; };
		84836460199C9ACD000D29E4 /* Foundation.framework */ = {isa = PBXFileReference; lastKnownFileType = wrapper.framework; name = Foundation.framework; path = System/Library/Frameworks/Foundation.framework; sourceTree = SDKROOT; };
		84836462199C9ACD000D29E4 /* CoreGraphics.framework */ = {isa = PBXFileReference; lastKnownFileType = wrapper.framework; name = CoreGraphics.framework; path = System/Library/Frameworks/CoreGraphics.framework; sourceTree = SDKROOT; };
		84836464199C9ACD000D29E4 /* UIKit.framework */ = {isa = PBXFileReference; lastKnownFileType = wrapper.framework; name = UIKit.framework; path = System/Library/Frameworks/UIKit.framework; sourceTree = SDKROOT; };
		84836468199C9ACD000D29E4 /* 多线程-Info.plist */ = {isa = PBXFileReference; lastKnownFileType = text.plist.xml; path = "多线程-Info.plist"; sourceTree = "<group>"; };
		8483646A199C9ACD000D29E4 /* en */ = {isa = PBXFileReference; lastKnownFileType = text.plist.strings; name = en; path = en.lproj/InfoPlist.strings; sourceTree = "<group>"; };
		8483646C199C9ACD000D29E4 /* main.m */ = {isa = PBXFileReference; lastKnownFileType = sourcecode.c.objc; path = main.m; sourceTree = "<group>"; };
		8483646E199C9ACD000D29E4 /* 多线程-Prefix.pch */ = {isa = PBXFileReference; lastKnownFileType = sourcecode.c.h; path = "多线程-Prefix.pch"; sourceTree = "<group>"; };
		8483646F199C9ACD000D29E4 /* AppDelegate.h */ = {isa = PBXFileReference; lastKnownFileType = sourcecode.c.h; path = AppDelegate.h; sourceTree = "<group>"; };
		84836470199C9ACD000D29E4 /* AppDelegate.m */ = {isa = PBXFileReference; lastKnownFileType = sourcecode.c.objc; path = AppDelegate.m; sourceTree = "<group>"; };
		84836472199C9ACD000D29E4 /* Images.xcassets */ = {isa = PBXFileReference; lastKnownFileType = folder.assetcatalog; path = Images.xcassets; sourceTree = "<group>"; };
		84836478199C9ACD000D29E4 /* 多线程Tests.xctest */ = {isa = PBXFileReference; explicitFileType = wrapper.cfbundle; includeInIndex = 0; path = "多线程Tests.xctest"; sourceTree = BUILT_PRODUCTS_DIR; };
		84836479199C9ACD000D29E4 /* XCTest.framework */ = {isa = PBXFileReference; lastKnownFileType = wrapper.framework; name = XCTest.framework; path = Library/Frameworks/XCTest.framework; sourceTree = DEVELOPER_DIR; };
		84836481199C9ACD000D29E4 /* 多线程Tests-Info.plist */ = {isa = PBXFileReference; lastKnownFileType = text.plist.xml; path = "多线程Tests-Info.plist"; sourceTree = "<group>"; };
		84836483199C9ACD000D29E4 /* en */ = {isa = PBXFileReference; lastKnownFileType = text.plist.strings; name = en; path = en.lproj/InfoPlist.strings; sourceTree = "<group>"; };
		84836485199C9ACD000D29E4 /* ___Tests.m */ = {isa = PBXFileReference; lastKnownFileType = sourcecode.c.objc; path = "___Tests.m"; sourceTree = "<group>"; };
		8483648F199C9AEA000D29E4 /* ViewController.h */ = {isa = PBXFileReference; fileEncoding = 4; lastKnownFileType = sourcecode.c.h; path = ViewController.h; sourceTree = "<group>"; };
		84836490199C9AEA000D29E4 /* ViewController.m */ = {isa = PBXFileReference; fileEncoding = 4; lastKnownFileType = sourcecode.c.objc; path = ViewController.m; sourceTree = "<group>"; };
/* End PBXFileReference section */

/* Begin PBXFrameworksBuildPhase section */
		8483645A199C9ACD000D29E4 /* Frameworks */ = {
			isa = PBXFrameworksBuildPhase;
			buildActionMask = 2147483647;
			files = (
				84836463199C9ACD000D29E4 /* CoreGraphics.framework in Frameworks */,
				84836465199C9ACD000D29E4 /* UIKit.framework in Frameworks */,
				84836461199C9ACD000D29E4 /* Foundation.framework in Frameworks */,
			);
			runOnlyForDeploymentPostprocessing = 0;
		};
		84836475199C9ACD000D29E4 /* Frameworks */ = {
			isa = PBXFrameworksBuildPhase;
			buildActionMask = 2147483647;
			files = (
				8483647A199C9ACD000D29E4 /* XCTest.framework in Frameworks */,
				8483647C199C9ACD000D29E4 /* UIKit.framework in Frameworks */,
				8483647B199C9ACD000D29E4 /* Foundation.framework in Frameworks */,
			);
			runOnlyForDeploymentPostprocessing = 0;
		};
/* End PBXFrameworksBuildPhase section */

/* Begin PBXGroup section */
		84836454199C9ACD000D29E4 = {
			isa = PBXGroup;
			children = (
				84836466199C9ACD000D29E4 /* 多线程 */,
				8483647F199C9ACD000D29E4 /* 多线程Tests */,
				8483645F199C9ACD000D29E4 /* Frameworks */,
				8483645E199C9ACD000D29E4 /* Products */,
			);
			sourceTree = "<group>";
		};
		8483645E199C9ACD000D29E4 /* Products */ = {
			isa = PBXGroup;
			children = (
				8483645D199C9ACD000D29E4 /* 多线程.app */,
				84836478199C9ACD000D29E4 /* 多线程Tests.xctest */,
			);
			name = Products;
			sourceTree = "<group>";
		};
		8483645F199C9ACD000D29E4 /* Frameworks */ = {
			isa = PBXGroup;
			children = (
				84836460199C9ACD000D29E4 /* Foundation.framework */,
				84836462199C9ACD000D29E4 /* CoreGraphics.framework */,
				84836464199C9ACD000D29E4 /* UIKit.framework */,
				84836479199C9ACD000D29E4 /* XCTest.framework */,
			);
			name = Frameworks;
			sourceTree = "<group>";
		};
		84836466199C9ACD000D29E4 /* 多线程 */ = {
			isa = PBXGroup;
			children = (
				8483646F199C9ACD000D29E4 /* AppDelegate.h */,
				84836470199C9ACD000D29E4 /* AppDelegate.m */,
				8483648F199C9AEA000D29E4 /* ViewController.h */,
				84836490199C9AEA000D29E4 /* ViewController.m */,
				84836472199C9ACD000D29E4 /* Images.xcassets */,
				84836467199C9ACD000D29E4 /* Supporting Files */,
			);
			path = "多线程";
			sourceTree = "<group>";
		};
		84836467199C9ACD000D29E4 /* Supporting Files */ = {
			isa = PBXGroup;
			children = (
				84836468199C9ACD000D29E4 /* 多线程-Info.plist */,
				84836469199C9ACD000D29E4 /* InfoPlist.strings */,
				8483646C199C9ACD000D29E4 /* main.m */,
				8483646E199C9ACD000D29E4 /* 多线程-Prefix.pch */,
			);
			name = "Supporting Files";
			sourceTree = "<group>";
		};
		8483647F199C9ACD000D29E4 /* 多线程Tests */ = {
			isa = PBXGroup;
			children = (
				84836485199C9ACD000D29E4 /* ___Tests.m */,
				84836480199C9ACD000D29E4 /* Supporting Files */,
			);
			path = "多线程Tests";
			sourceTree = "<group>";
		};
		84836480199C9ACD000D29E4 /* Supporting Files */ = {
			isa = PBXGroup;
			children = (
				84836481199C9ACD000D29E4 /* 多线程Tests-Info.plist */,
				84836482199C9ACD000D29E4 /* InfoPlist.strings */,
			);
			name = "Supporting Files";
			sourceTree = "<group>";
		};
/* End PBXGroup section */

/* Begin PBXNativeTarget section */
		8483645C199C9ACD000D29E4 /* 多线程 */ = {
			isa = PBXNativeTarget;
			buildConfigurationList = 84836489199C9ACD000D29E4 /* Build configuration list for PBXNativeTarget "多线程" */;
			buildPhases = (
				84836459199C9ACD000D29E4 /* Sources */,
				8483645A199C9ACD000D29E4 /* Frameworks */,
				8483645B199C9ACD000D29E4 /* Resources */,
			);
			buildRules = (
			);
			dependencies = (
			);
			name = "多线程";
			productName = "多线程";
			productReference = 8483645D199C9ACD000D29E4 /* 多线程.app */;
			productType = "com.apple.product-type.application";
		};
		84836477199C9ACD000D29E4 /* 多线程Tests */ = {
			isa = PBXNativeTarget;
			buildConfigurationList = 8483648C199C9ACD000D29E4 /* Build configuration list for PBXNativeTarget "多线程Tests" */;
			buildPhases = (
				84836474199C9ACD000D29E4 /* Sources */,
				84836475199C9ACD000D29E4 /* Frameworks */,
				84836476199C9ACD000D29E4 /* Resources */,
			);
			buildRules = (
			);
			dependencies = (
				8483647E199C9ACD000D29E4 /* PBXTargetDependency */,
			);
			name = "多线程Tests";
			productName = "多线程Tests";
			productReference = 84836478199C9ACD000D29E4 /* 多线程Tests.xctest */;
			productType = "com.apple.product-type.bundle.unit-test";
		};
/* End PBXNativeTarget section */

/* Begin PBXProject section */
		84836455199C9ACD000D29E4 /* Project object */ = {
			isa = PBXProject;
			attributes = {
				LastUpgradeCheck = 0510;
				ORGANIZATIONNAME = "___DNEUSER___";
				TargetAttributes = {
					84836477199C9ACD000D29E4 = {
						TestTargetID = 8483645C199C9ACD000D29E4;
					};
				};
			};
			buildConfigurationList = 84836458199C9ACD000D29E4 /* Build configuration list for PBXProject "多线程" */;
			compatibilityVersion = "Xcode 3.2";
			developmentRegion = English;
			hasScannedForEncodings = 0;
			knownRegions = (
				en,
			);
			mainGroup = 84836454199C9ACD000D29E4;
			productRefGroup = 8483645E199C9ACD000D29E4 /* Products */;
			projectDirPath = "";
			projectRoot = "";
			targets = (
				8483645C199C9ACD000D29E4 /* 多线程 */,
				84836477199C9ACD000D29E4 /* 多线程Tests */,
			);
		};
/* End PBXProject section */

/* Begin PBXResourcesBuildPhase section */
		8483645B199C9ACD000D29E4 /* Resources */ = {
			isa = PBXResourcesBuildPhase;
			buildActionMask = 2147483647;
			files = (
				8483646B199C9ACD000D29E4 /* InfoPlist.strings in Resources */,
				84836473199C9ACD000D29E4 /* Images.xcassets in Resources */,
			);
			runOnlyForDeploymentPostprocessing = 0;
		};
		84836476199C9ACD000D29E4 /* Resources */ = {
			isa = PBXResourcesBuildPhase;
			buildActionMask = 2147483647;
			files = (
				84836484199C9ACD000D29E4 /* InfoPlist.strings in Resources */,
			);
			runOnlyForDeploymentPostprocessing = 0;
		};
/* End PBXResourcesBuildPhase section */

/* Begin PBXSourcesBuildPhase section */
		84836459199C9ACD000D29E4 /* Sources */ = {
			isa = PBXSourcesBuildPhase;
			buildActionMask = 2147483647;
			files = (
				84836491199C9AEA000D29E4 /* ViewController.m in Sources */,
				84836471199C9ACD000D29E4 /* AppDelegate.m in Sources */,
				8483646D199C9ACD000D29E4 /* main.m in Sources */,
			);
			runOnlyForDeploymentPostprocessing = 0;
		};
		84836474199C9ACD000D29E4 /* Sources */ = {
			isa = PBXSourcesBuildPhase;
			buildActionMask = 2147483647;
			files = (
				84836486199C9ACD000D29E4 /* ___Tests.m in Sources */,
			);
			runOnlyForDeploymentPostprocessing = 0;
		};
/* End PBXSourcesBuildPhase section */

/* Begin PBXTargetDependency section */
		8483647E199C9ACD000D29E4 /* PBXTargetDependency */ = {
			isa = PBXTargetDependency;
			target = 8483645C199C9ACD000D29E4 /* 多线程 */;
			targetProxy = 8483647D199C9ACD000D29E4 /* PBXContainerItemProxy */;
		};
/* End PBXTargetDependency section */

/* Begin PBXVariantGroup section */
		84836469199C9ACD000D29E4 /* InfoPlist.strings */ = {
			isa = PBXVariantGroup;
			children = (
				8483646A199C9ACD000D29E4 /* en */,
			);
			name = InfoPlist.strings;
			sourceTree = "<group>";
		};
		84836482199C9ACD000D29E4 /* InfoPlist.strings */ = {
			isa = PBXVariantGroup;
			children = (
				84836483199C9ACD000D29E4 /* en */,
			);
			name = InfoPlist.strings;
			sourceTree = "<group>";
		};
/* End PBXVariantGroup section */

/* Begin XCBuildConfiguration section */
		84836487199C9ACD000D29E4 /* Debug */ = {
			isa = XCBuildConfiguration;
			buildSettings = {
				ALWAYS_SEARCH_USER_PATHS = NO;
				CLANG_CXX_LANGUAGE_STANDARD = "gnu++0x";
				CLANG_CXX_LIBRARY = "libc++";
				CLANG_ENABLE_MODULES = YES;
				CLANG_ENABLE_OBJC_ARC = YES;
				CLANG_WARN_BOOL_CONVERSION = YES;
				CLANG_WARN_CONSTANT_CONVERSION = YES;
				CLANG_WARN_DIRECT_OBJC_ISA_USAGE = YES_ERROR;
				CLANG_WARN_EMPTY_BODY = YES;
				CLANG_WARN_ENUM_CONVERSION = YES;
				CLANG_WARN_INT_CONVERSION = YES;
				CLANG_WARN_OBJC_ROOT_CLASS = YES_ERROR;
				CLANG_WARN__DUPLICATE_METHOD_MATCH = YES;
				"CODE_SIGN_IDENTITY[sdk=iphoneos*]" = "iPhone Developer";
				COPY_PHASE_STRIP = NO;
				GCC_C_LANGUAGE_STANDARD = gnu99;
				GCC_DYNAMIC_NO_PIC = NO;
				GCC_OPTIMIZATION_LEVEL = 0;
				GCC_PREPROCESSOR_DEFINITIONS = (
					"DEBUG=1",
					"$(inherited)",
				);
				GCC_SYMBOLS_PRIVATE_EXTERN = NO;
				GCC_WARN_64_TO_32_BIT_CONVERSION = YES;
				GCC_WARN_ABOUT_RETURN_TYPE = YES_ERROR;
				GCC_WARN_UNDECLARED_SELECTOR = YES;
				GCC_WARN_UNINITIALIZED_AUTOS = YES_AGGRESSIVE;
				GCC_WARN_UNUSED_FUNCTION = YES;
				GCC_WARN_UNUSED_VARIABLE = YES;
				IPHONEOS_DEPLOYMENT_TARGET = 7.1;
				ONLY_ACTIVE_ARCH = YES;
				SDKROOT = iphoneos;
			};
			name = Debug;
		};
		84836488199C9ACD000D29E4 /* Release */ = {
			isa = XCBuildConfiguration;
			buildSettings = {
				ALWAYS_SEARCH_USER_PATHS = NO;
				CLANG_CXX_LANGUAGE_STANDARD = "gnu++0x";
				CLANG_CXX_LIBRARY = "libc++";
				CLANG_ENABLE_MODULES = YES;
				CLANG_ENABLE_OBJC_ARC = YES;
				CLANG_WARN_BOOL_CONVERSION = YES;
				CLANG_WARN_CONSTANT_CONVERSION = YES;
				CLANG_WARN_DIRECT_OBJC_ISA_USAGE = YES_ERROR;
				CLANG_WARN_EMPTY_BODY = YES;
				CLANG_WARN_ENUM_CONVERSION = YES;
				CLANG_WARN_INT_CONVERSION = YES;
				CLANG_WARN_OBJC_ROOT_CLASS = YES_ERROR;
				CLANG_WARN__DUPLICATE_METHOD_MATCH = YES;
				"CODE_SIGN_IDENTITY[sdk=iphoneos*]" = "iPhone Developer";
				COPY_PHASE_STRIP = YES;
				ENABLE_NS_ASSERTIONS = NO;
				GCC_C_LANGUAGE_STANDARD = gnu99;
				GCC_WARN_64_TO_32_BIT_CONVERSION = YES;
				GCC_WARN_ABOUT_RETURN_TYPE = YES_ERROR;
				GCC_WARN_UNDECLARED_SELECTOR = YES;
				GCC_WARN_UNINITIALIZED_AUTOS = YES_AGGRESSIVE;
				GCC_WARN_UNUSED_FUNCTION = YES;
				GCC_WARN_UNUSED_VARIABLE = YES;
				IPHONEOS_DEPLOYMENT_TARGET = 7.1;
				SDKROOT = iphoneos;
				VALIDATE_PRODUCT = YES;
			};
			name = Release;
		};
		8483648A199C9ACD000D29E4 /* Debug */ = {
			isa = XCBuildConfiguration;
			buildSettings = {
				ASSETCATALOG_COMPILER_APPICON_NAME = AppIcon;
				ASSETCATALOG_COMPILER_LAUNCHIMAGE_NAME = LaunchImage;
				GCC_PRECOMPILE_PREFIX_HEADER = YES;
				GCC_PREFIX_HEADER = "多线程/多线程-Prefix.pch";
				INFOPLIST_FILE = "多线程/多线程-Info.plist";
				PRODUCT_NAME = "$(TARGET_NAME)";
				WRAPPER_EXTENSION = app;
			};
			name = Debug;
		};
		8483648B199C9ACD000D29E4 /* Release */ = {
			isa = XCBuildConfiguration;
			buildSettings = {
				ASSETCATALOG_COMPILER_APPICON_NAME = AppIcon;
				ASSETCATALOG_COMPILER_LAUNCHIMAGE_NAME = LaunchImage;
				GCC_PRECOMPILE_PREFIX_HEADER = YES;
				GCC_PREFIX_HEADER = "多线程/多线程-Prefix.pch";
				INFOPLIST_FILE = "多线程/多线程-Info.plist";
				PRODUCT_NAME = "$(TARGET_NAME)";
				WRAPPER_EXTENSION = app;
			};
			name = Release;
		};
		8483648D199C9ACD000D29E4 /* Debug */ = {
			isa = XCBuildConfiguration;
			buildSettings = {
				BUNDLE_LOADER = "$(BUILT_PRODUCTS_DIR)/多线程.app/多线程";
				FRAMEWORK_SEARCH_PATHS = (
					"$(SDKROOT)/Developer/Library/Frameworks",
					"$(inherited)",
					"$(DEVELOPER_FRAMEWORKS_DIR)",
				);
				GCC_PRECOMPILE_PREFIX_HEADER = YES;
				GCC_PREFIX_HEADER = "多线程/多线程-Prefix.pch";
				GCC_PREPROCESSOR_DEFINITIONS = (
					"DEBUG=1",
					"$(inherited)",
				);
				INFOPLIST_FILE = "多线程Tests/多线程Tests-Info.plist";
				PRODUCT_NAME = "$(TARGET_NAME)";
				TEST_HOST = "$(BUNDLE_LOADER)";
				WRAPPER_EXTENSION = xctest;
			};
			name = Debug;
		};
		8483648E199C9ACD000D29E4 /* Release */ = {
			isa = XCBuildConfiguration;
			buildSettings = {
				BUNDLE_LOADER = "$(BUILT_PRODUCTS_DIR)/多线程.app/多线程";
				FRAMEWORK_SEARCH_PATHS = (
					"$(SDKROOT)/Developer/Library/Frameworks",
					"$(inherited)",
					"$(DEVELOPER_FRAMEWORKS_DIR)",
				);
				GCC_PRECOMPILE_PREFIX_HEADER = YES;
				GCC_PREFIX_HEADER = "多线程/多线程-Prefix.pch";
				INFOPLIST_FILE = "多线程Tests/多线程Tests-Info.plist";
				PRODUCT_NAME = "$(TARGET_NAME)";
				TEST_HOST = "$(BUNDLE_LOADER)";
				WRAPPER_EXTENSION = xctest;
			};
			name = Release;
		};
/* End XCBuildConfiguration section */

/* Begin XCConfigurationList section */
		84836458199C9ACD000D29E4 /* Build configuration list for PBXProject "多线程" */ = {
			isa = XCConfigurationList;
			buildConfigurations = (
				84836487199C9ACD000D29E4 /* Debug */,
				84836488199C9ACD000D29E4 /* Release */,
			);
			defaultConfigurationIsVisible = 0;
			defaultConfigurationName = Release;
		};
		84836489199C9ACD000D29E4 /* Build configuration list for PBXNativeTarget "多线程" */ = {
			isa = XCConfigurationList;
			buildConfigurations = (
				8483648A199C9ACD000D29E4 /* Debug */,
				8483648B199C9ACD000D29E4 /* Release */,
			);
			defaultConfigurationIsVisible = 0;
		};
		8483648C199C9ACD000D29E4 /* Build configuration list for PBXNativeTarget "多线程Tests" */ = {
			isa = XCConfigurationList;
			buildConfigurations = (
				8483648D199C9ACD000D29E4 /* Debug */,
				8483648E199C9ACD000D29E4 /* Release */,
			);
			defaultConfigurationIsVisible = 0;
		};
/* End XCConfigurationList section */
	};
	rootObject = 84836455199C9ACD000D29E4 /* Project object */;
}
